
Microsoft Visual Studio Solution File, Format Version 12.00
# Visual Studio Version 16
VisualStudioVersion = 16.0.32413.511
MinimumVisualStudioVersion = 10.0.40219.1
Project("{FAE04EC0-301F-11D3-BF4B-00C04F79EFBC}") = "MassRename", "MassRename\MassRename.csproj", "{5F214F59-19B4-48D0-BF30-3F224B2AF6E0}"
EndProject
Global
	GlobalSection(SolutionConfigurationPlatforms) = preSolution
		Debug|Any CPU = Debug|Any CPU
		Release|Any CPU = Release|Any CPU
	EndGlobalSection
	GlobalSection(ProjectConfigurationPlatforms) = postSolution
		{5F214F59-19B4-48D0-BF30-3F224B2AF6E0}.Debug|Any CPU.ActiveCfg = Debug|Any CPU
		{5F214F59-19B4-48D0-BF30-3F224B2AF6E0}.Debug|Any CPU.Build.0 = Debug|Any CPU
		{5F214F59-19B4-48D0-BF30-3F224B2AF6E0}.Release|Any CPU.ActiveCfg = Release|Any CPU
		{5F214F59-19B4-48D0-BF30-3F224B2AF6E0}.Release|Any CPU.Build.0 = Release|Any CPU
	EndGlobalSection
	GlobalSection(SolutionProperties) = preSolution
		HideSolutionNode = FALSE
	EndGlobalSection
	GlobalSection(ExtensibilityGlobals) = postSolution
		SolutionGuid = {521D0EE0-3326-41E1-964C-B1C133720FBD}
	EndGlobalSection
EndGlobal
